
Microsoft Visual Studio Solution File, Format Version 12.00
# Visual Studio Version 17
VisualStudioVersion = 17.14.36203.30 d17.14
MinimumVisualStudioVersion = 10.0.40219.1
Project("{FAE04EC0-301F-11D3-BF4B-00C04F79EFBC}") = "ERWS", "ERWS.csproj", "{DA93F31A-1EE4-43F0-9B91-C656D79A15D3}"
EndProject
Global
	GlobalSection(SolutionConfigurationPlatforms) = preSolution
		Debug|Any CPU = Debug|Any CPU
		Release|Any CPU = Release|Any CPU
	EndGlobalSection
	GlobalSection(ProjectConfigurationPlatforms) = postSolution
		{DA93F31A-1EE4-43F0-9B91-C656D79A15D3}.Debug|Any CPU.ActiveCfg = Debug|Any CPU
		{DA93F31A-1EE4-43F0-9B91-C656D79A15D3}.Debug|Any CPU.Build.0 = Debug|Any CPU
		{DA93F31A-1EE4-43F0-9B91-C656D79A15D3}.Release|Any CPU.ActiveCfg = Release|Any CPU
		{DA93F31A-1EE4-43F0-9B91-C656D79A15D3}.Release|Any CPU.Build.0 = Release|Any CPU
	EndGlobalSection
	GlobalSection(SolutionProperties) = preSolution
		HideSolutionNode = FALSE
	EndGlobalSection
	GlobalSection(ExtensibilityGlobals) = postSolution
		SolutionGuid = {6DCEC63B-EC5D-4AC0-B9CA-CD9A86862CC6}
	EndGlobalSection
EndGlobal
